version = 1
revision = 3
requires-python = ">=3.12"

[[package]]
name = "fable-library"
version = "5.13.0"
source = { registry = "https://pypi.org/simple" }
sdist = { url = "https://files.pythonhosted.org/packages/6b/72/3252b8280c97568a5cbd62f206925cbb4b11cb65b07fe09d5494fd4ed992/fable_library-5.13.0.tar.gz", hash = "sha256:b43fb48ea4a471eed76ca7ae23254f33bf617ca0fb1e0754ef9f218ffb347200", size = 239380, upload-time = "2026-07-24T11:41:29.421Z" }
wheels = [
    { url = "https://files.pythonhosted.org/packages/52/ad/57f6c40b7087875652527aff2dd55d205115290384a4d08d0e23670f07c4/fable_library-5.13.0-cp312-cp312-macosx_10_12_x86_64.whl", hash = "sha256:c550c527c33905f200183b197e0fed396969910bcaa02f67eed69bdf62384b21", size = 1398523, upload-time = "2026-07-24T11:39:50.318Z" },
    { url = "https://files.pythonhosted.org/packages/53/66/a13069897bc78ea4ddb05845110cd4fc19b0fc445870c98e1d55146eb5e3/fable_library-5.13.0-cp312-cp312-macosx_11_0_arm64.whl", hash = "sha256:37d095f9523ff889f5bdf0ec3336c7219362955e318b5785b6f20e008cb31154", size = 1305326, upload-time = "2026-07-24T11:39:51.738Z" },
    { url = "https://files.pythonhosted.org/packages/76/32/9de3b2e616c3b91e4e87c486471eac8b3237e0c0cb70fff39f066ebd72a7/fable_library-5.13.0-cp312-cp312-manylinux_2_17_aarch64.manylinux2014_aarch64.whl", hash = "sha256:86d506118c88c555265050be3ff4214c8f943511e307943b8736a1b297d39db9", size = 1353138, upload-time = "2026-07-24T11:39:53.079Z" },
    { url = "https://files.pythonhosted.org/packages/1c/a4/3b74004230b75c8bafff7b52c40bb1e32c47abb413c318e644ef72380d23/fable_library-5.13.0-cp312-cp312-manylinux_2_17_armv7l.manylinux2014_armv7l.whl", hash = "sha256:334ce1470ad31de61d36fc7c83f16a6d461ae4d529c81660457a4d8c9da96743", size = 1335554, upload-time = "2026-07-24T11:39:54.465Z" },
    { url = "https://files.pythonhosted.org/packages/16/0e/4608be04c0739ebfa12f00ad6359fff6a6176cf3fbf11ea5cbd14ecbc98e/fable_library-5.13.0-cp312-cp312-manylinux_2_17_ppc64le.manylinux2014_ppc64le.whl", hash = "sha256:2bbd44e853db3d38a1ff6bac22c8166f51a40e330b5986666cb261e213d5906f", size = 1477846, upload-time = "2026-07-24T11:39:55.902Z" },
    { url = "https://files.pythonhosted.org/packages/06/c5/300b552bd6e185d6046110cc89b93a5bb506e7f492d446e9914cf34f4318/fable_library-5.13.0-cp312-cp312-manylinux_2_17_s390x.manylinux2014_s390x.whl", hash = "sha256:98347918a4fad47b6d2af04c1842e7ce0eca4582dca985abffcc9fcc1299af6f", size = 1490415, upload-time = "2026-07-24T11:39:57.294Z" },
    { url = "https://files.pythonhosted.org/packages/67/73/dcfa75febe1b2036e4c73b207e370d47b059bb85991f6e5720b805851ed1/fable_library-5.13.0-cp312-cp312-manylinux_2_17_x86_64.manylinux2014_x86_64.whl", hash = "sha256:db34175b37664548e6a96362bb3d0b767fb16dd87d24d4e9b4d1023d7d96df48", size = 1425542, upload-time = "2026-07-24T11:39:58.69Z" },
    { url = "https://files.pythonhosted.org/packages/38/ea/4b9b5fca94ab55924facb3820b004e03e9bb4a4f407287c36e573997a7fc/fable_library-5.13.0-cp312-cp312-manylinux_2_5_i686.manylinux1_i686.whl", hash = "sha256:646bcfb1ee6d5aa31d600092a6afbe370551a0155ac5fe4e19378b85a1bd31e2", size = 1455217, upload-time = "2026-07-24T11:40:00.221Z" },
    { url = "https://files.pythonhosted.org/packages/fe/7f/0adf13037eb7e1f2d2231691110d439c4a84a74998f12e9a3a22fe983d57/fable_library-5.13.0-cp312-cp312-musllinux_1_2_aarch64.whl", hash = "sha256:891e72c15b9f6d5fedd1138bbd83e3b57c77bde6cf7624dd9bfc69f1dfa85ce8", size = 1529822, upload-time = "2026-07-24T11:40:01.653Z" },
    { url = "https://files.pythonhosted.org/packages/64/b9/d5143139badc706ecba83c157c87a1a98b7e0e5cb87fdab4b2877d24a4e8/fable_library-5.13.0-cp312-cp312-musllinux_1_2_armv7l.whl", hash = "sha256:b15a28cb6b01d98008e364a7d533b6959aa4f7e6c5900c7c5bd3983e92274632", size = 1612613, upload-time = "2026-07-24T11:40:03.184Z" },
    { url = "https://files.pythonhosted.org/packages/7f/b2/5d91fad6f4b66fb06286fe7e2b65d27f39c9c9a7a5b7998171541248b26e/fable_library-5.13.0-cp312-cp312-musllinux_1_2_i686.whl", hash = "sha256:7458459cbb4734c316e5d516c6134643b34b4a651479db907826f40800a00cb0", size = 1637229, upload-time = "2026-07-24T11:40:04.558Z" },
    { url = "https://files.pythonhosted.org/packages/ce/23/17a9df3de001d5f463f892beb9751497eba515b574b6573f5674e7586329/fable_library-5.13.0-cp312-cp312-musllinux_1_2_x86_64.whl", hash = "sha256:9fc2e4074d845036f54c42951022c44b1b6a6754aa0e5af36112f33268a91702", size = 1653731, upload-time = "2026-07-24T11:40:05.974Z" },
    { url = "https://files.pythonhosted.org/packages/6b/3f/98f7eba82d8958d598630c4c047f054dd2b41cc969dc7d1c878e0531f9cd/fable_library-5.13.0-cp312-cp312-win_amd64.whl", hash = "sha256:b685f9010fba63794c09c340b7f20fdc2dff373cd511f964cc32657b0e189bea", size = 1408569, upload-time = "2026-07-24T11:40:07.462Z" },
    { url = "https://files.pythonhosted.org/packages/80/e0/fd95ed78f5cbc300206be7d2d6d05ba8cfb53c216eed5f93031315813ec6/fable_library-5.13.0-cp313-cp313-macosx_10_12_x86_64.whl", hash = "sha256:a663b4b5d04fa9bbdb88f3a2f9e21baa4f6d5ebf77c194b33f82be072046e085", size = 1399075, upload-time = "2026-07-24T11:40:08.918Z" },
    { url = "https://files.pythonhosted.org/packages/84/88/fa438233d065dc2ca0bd087ebe9a6c4984bb26e9b27892e46d16ef71c8df/fable_library-5.13.0-cp313-cp313-macosx_11_0_arm64.whl", hash = "sha256:32f39fb442ade883fa0cbfbbdc54935443bc9a521e9bc64a8b88d9d19bc58aa1", size = 1306243, upload-time = "2026-07-24T11:40:10.306Z" },
    { url = "https://files.pythonhosted.org/packages/1b/7f/9764b480d138c170eb3dfbe543d8a3cf5dbdfd5b2f56df23cce5dace42c2/fable_library-5.13.0-cp313-cp313-manylinux_2_17_aarch64.manylinux2014_aarch64.whl", hash = "sha256:782b07b2e82314720bfbfe3468a108f6a801413c1302e2b12f7eed52a7750d23", size = 1353432, upload-time = "2026-07-24T11:40:11.73Z" },
    { url = "https://files.pythonhosted.org/packages/13/d4/60098418cd9b549515b43a15a6636e370301f0a1fdf2e7289e7b57cacc64/fable_library-5.13.0-cp313-cp313-manylinux_2_17_armv7l.manylinux2014_armv7l.whl", hash = "sha256:2365c8cbba894a745049041f271e2a92693e02ae18a7af6363a1104148b26a4c", size = 1336432, upload-time = "2026-07-24T11:40:13.078Z" },
    { url = "https://files.pythonhosted.org/packages/dd/27/e67cf3812ffa443d045060f5a2de34932c0314754143f790cac1f243b9d6/fable_library-5.13.0-cp313-cp313-manylinux_2_17_ppc64le.manylinux2014_ppc64le.whl", hash = "sha256:ab695ae3c2347b91120a21a753fb0d25ab2fc8729979dc19c20478631ac3468b", size = 1477874, upload-time = "2026-07-24T11:40:14.563Z" },
    { url = "https://files.pythonhosted.org/packages/47/0f/37bc5abe5a3cac8227912ea22fcf22c7da55bc0a61200d257fb962437849/fable_library-5.13.0-cp313-cp313-manylinux_2_17_s390x.manylinux2014_s390x.whl", hash = "sha256:34785b5f1e2b78b958a13b80cd5431711a76d11de21fabbc3603bd7a07382e15", size = 1490011, upload-time = "2026-07-24T11:40:16.18Z" },
    { url = "https://files.pythonhosted.org/packages/a4/c8/878bf6773589e904f9f11b68407220ef6e9e2593f8f7ed121b0151bc66ac/fable_library-5.13.0-cp313-cp313-manylinux_2_17_x86_64.manylinux2014_x86_64.whl", hash = "sha256:973f7c9ffaf3c1416c6573e43562d9da8852e3e59607eccabb2127cd626d67dc", size = 1426215, upload-time = "2026-07-24T11:40:17.561Z" },
    { url = "https://files.pythonhosted.org/packages/e4/da/5fd16fc7ab312646b05835cf821005ecef1d13394ce895b28ae6439e0b0a/fable_library-5.13.0-cp313-cp313-manylinux_2_5_i686.manylinux1_i686.whl", hash = "sha256:aa541b41602c01c77b0a0fc6ab5f8649998efdd2f7b2a4a2eb433100d2f5a820", size = 1455634, upload-time = "2026-07-24T11:40:19.255Z" },
    { url = "https://files.pythonhosted.org/packages/30/76/8e067b4170ac2a8ebff1d2867b6cf0bf18908cc4dc33001dfa8f16575660/fable_library-5.13.0-cp313-cp313-musllinux_1_2_aarch64.whl", hash = "sha256:84eccdc8b4e983166f5bbcd06b70e547de80947d02d08aaa9f6d7e0182513ad4", size = 1530150, upload-time = "2026-07-24T11:40:20.875Z" },
    { url = "https://files.pythonhosted.org/packages/ce/c4/04312dd29c1677b6ab9278c2faaeef3bd0d3d537b49e20c698fd2985e5e1/fable_library-5.13.0-cp313-cp313-musllinux_1_2_armv7l.whl", hash = "sha256:c5660aa9146c49d2d42b00d4b612d08a1f3a82cc1c1056a6bc8f94cbc8890298", size = 1613322, upload-time = "2026-07-24T11:40:22.396Z" },
    { url = "https://files.pythonhosted.org/packages/99/f3/a277f39713fe74cd41489aafdab4e0f9cce08123b5ade32f7272a96129ed/fable_library-5.13.0-cp313-cp313-musllinux_1_2_i686.whl", hash = "sha256:9a3a4ba17ec177ae75f12fbe2ff244753839454507d67a7ca737f19c0e4c7e5f", size = 1637103, upload-time = "2026-07-24T11:40:23.884Z" },
    { url = "https://files.pythonhosted.org/packages/97/c9/9da7bf5d36fd033d4af05f369b4f1610f4217a6deaec29241bf244ba1acf/fable_library-5.13.0-cp313-cp313-musllinux_1_2_x86_64.whl", hash = "sha256:c99ace7082feb254c65ac93f64006b9a07faec2ac85be3528458a6f05cf8f15a", size = 1654503, upload-time = "2026-07-24T11:40:25.374Z" },
    { url = "https://files.pythonhosted.org/packages/e6/8e/9fd13fc07795935fba7c523601c558541fec30c8b3e7faca4833b0940460/fable_library-5.13.0-cp313-cp313-win_amd64.whl", hash = "sha256:fd2cb0753bad72e7673b60d796d9d8fc882012dceb1707e060312e318a4b262b", size = 1410516, upload-time = "2026-07-24T11:40:26.757Z" },
    { url = "https://files.pythonhosted.org/packages/d9/6a/0a636f5c87d1b1750a2ba3086a8a449952c8016e84b3eeb45fb7a9691f50/fable_library-5.13.0-cp314-cp314-macosx_10_12_x86_64.whl", hash = "sha256:52a4e43f82c91ba5d6da2739e69d1a86763cedf54425756946480aaae7e71dfb", size = 1399458, upload-time = "2026-07-24T11:40:28.575Z" },
    { url = "https://files.pythonhosted.org/packages/36/1f/a4f5690366400fa70f00c6d3fe9341d1f190c1f6108e88f99e144fe5e714/fable_library-5.13.0-cp314-cp314-macosx_11_0_arm64.whl", hash = "sha256:36c0d7065879c5b11d4840f0ad0cd6102b1c3ea745a006cb735b753555cd684c", size = 1304584, upload-time = "2026-07-24T11:40:29.922Z" },
    { url = "https://files.pythonhosted.org/packages/93/55/df8be1939068ca6377392410cba1feaaad96f463fd4430f4be54d873533e/fable_library-5.13.0-cp314-cp314-manylinux_2_17_aarch64.manylinux2014_aarch64.whl", hash = "sha256:38d99de97e124364226518936d036eb84195a525f904f2b41c3b6181ba9dd928", size = 1352285, upload-time = "2026-07-24T11:40:32.207Z" },
    { url = "https://files.pythonhosted.org/packages/0f/65/0c49f5a9ac8d067d4973e6bb48dd5caeee22b3877ff7e0bffd932bc1dc93/fable_library-5.13.0-cp314-cp314-manylinux_2_17_armv7l.manylinux2014_armv7l.whl", hash = "sha256:75185f9f819403d8223eaabc2d2ab0aa569f9479376caaf12d925ed6076219b1", size = 1338149, upload-time = "2026-07-24T11:40:33.627Z" },
    { url = "https://files.pythonhosted.org/packages/70/6f/dfcdce9af2e1eb42506531bb385b2b4be40d0a790d983aabec9360b69ac0/fable_library-5.13.0-cp314-cp314-manylinux_2_17_ppc64le.manylinux2014_ppc64le.whl", hash = "sha256:239d3698f5fe6843e6c4d8e979f6f084e1ae8be5bc285aa63d8b5b19cf1afdf7", size = 1478014, upload-time = "2026-07-24T11:40:35.089Z" },
    { url = "https://files.pythonhosted.org/packages/52/07/0396f4996527bf9fe3bcc301b31bab00e6738e77b6ec62ea4e88f3b29329/fable_library-5.13.0-cp314-cp314-manylinux_2_17_s390x.manylinux2014_s390x.whl", hash = "sha256:d8960fa8a6fd8942d7f5b856df9892eb72ac47a5af54c4acab7edb5bc010c2eb", size = 1491536, upload-time = "2026-07-24T11:40:37.029Z" },
    { url = "https://files.pythonhosted.org/packages/35/b6/c61486d7b3e74d73782af3848d858c033c09d3f8045526222f9422c6c563/fable_library-5.13.0-cp314-cp314-manylinux_2_17_x86_64.manylinux2014_x86_64.whl", hash = "sha256:709e4f3cff1eaeb85ff83d3beca66a89ebbb0bf107188d91c2d6ca019ac4ebf0", size = 1426466, upload-time = "2026-07-24T11:40:38.441Z" },
    { url = "https://files.pythonhosted.org/packages/ee/37/620ec1d435351210515c5b1524805a0043c9deef0ba6d84948f4a4d6ab8f/fable_library-5.13.0-cp314-cp314-manylinux_2_5_i686.manylinux1_i686.whl", hash = "sha256:1b8ec5d8d8e5234fa973b594028ce4b58c1810403cdb030fc651508916313fd3", size = 1456670, upload-time = "2026-07-24T11:40:39.96Z" },
    { url = "https://files.pythonhosted.org/packages/3a/bf/6c741373bf4e01995833a102a9a42f2c0553f28bfbbaca7d4ecdd31f660c/fable_library-5.13.0-cp314-cp314-musllinux_1_2_aarch64.whl", hash = "sha256:75a513319f0eeb6d4d9ea538759b0727f34dd545207760bc3aa767c92ab70558", size = 1529769, upload-time = "2026-07-24T11:40:41.435Z" },
    { url = "https://files.pythonhosted.org/packages/b4/98/56ef690f1a8d7adce9c827429483ed6cc3d427de119f68a259750fb758b7/fable_library-5.13.0-cp314-cp314-musllinux_1_2_armv7l.whl", hash = "sha256:4e25c5934cf285e0d1d50c76591478347276200398aa1e254c6f985b8f88549e", size = 1614640, upload-time = "2026-07-24T11:40:42.928Z" },
    { url = "https://files.pythonhosted.org/packages/64/a2/e2630f606c3a67d825f87dd3b9c2aaa8e0ab4adf749b53f2f50b0b10fe13/fable_library-5.13.0-cp314-cp314-musllinux_1_2_i686.whl", hash = "sha256:f4c25880f4a8a38be14573364421f9b2661f90f454b9751a8d56bb7ebcb09aa6", size = 1637786, upload-time = "2026-07-24T11:40:44.416Z" },
    { url = "https://files.pythonhosted.org/packages/0e/57/e730d0bad916454b3b86460b5c032471cb950445687209576dc4466cbaff/fable_library-5.13.0-cp314-cp314-musllinux_1_2_x86_64.whl", hash = "sha256:ca4f221bdeca436e9c11abce595fc5a55922e388bedaac518767312c7fa8c87a", size = 1654714, upload-time = "2026-07-24T11:40:45.947Z" },
    { url = "https://files.pythonhosted.org/packages/06/ba/1091cf45f9ddf8f4b5dc3b4f1b7df83ea08fee24849fd1f651646152714c/fable_library-5.13.0-cp314-cp314-win32.whl", hash = "sha256:1a9c8da9231ba81c868b1103b8d4898f33582d44cde884de59dd95e8f703e8e5", size = 1257557, upload-time = "2026-07-24T11:40:47.359Z" },
    { url = "https://files.pythonhosted.org/packages/a5/87/e08ab70a85215142e149a6bd562c0c5f5f50d5ccaa589db87cd00308c5e3/fable_library-5.13.0-cp314-cp314-win_amd64.whl", hash = "sha256:0c07a7374c5f7e5c3b4a696f7e9624985b5688ed6aa267432fecf9cc2b6d35be", size = 1408938, upload-time = "2026-07-24T11:40:49.121Z" },
    { url = "https://files.pythonhosted.org/packages/7e/e3/0803c34cb8ff5ce36e22ec7bbcf12329faf3b3d279f530e398d1b1b9f34d/fable_library-5.13.0-cp314-cp314t-manylinux_2_17_aarch64.manylinux2014_aarch64.whl", hash = "sha256:ce0e43652d81f6d22595f8ccbcfc32cad39ef4ed643b032d65a8bf7d80cb5689", size = 1359287, upload-time = "2026-07-24T11:40:50.564Z" },
    { url = "https://files.pythonhosted.org/packages/c2/44/d2b6b20a590ea0004bc8fbbf949ae73fd35861d9ddeb020dd66d2d91b571/fable_library-5.13.0-cp314-cp314t-manylinux_2_17_armv7l.manylinux2014_armv7l.whl", hash = "sha256:4d3165e8c92e954259033eed6a9a1e325aca0d81b0a0c66cc4b1569f17dd4719", size = 1335786, upload-time = "2026-07-24T11:40:52.189Z" },
    { url = "https://files.pythonhosted.org/packages/f8/2f/4c1f032c1a25974189c31e1768163829e410bad00cbf88dd7dd1a4600cf8/fable_library-5.13.0-cp314-cp314t-manylinux_2_17_ppc64le.manylinux2014_ppc64le.whl", hash = "sha256:7ef2d2251b147d8bf7bd4b3ba042c73cba8d8e8899ae9054258c3e1257065d8d", size = 1484994, upload-time = "2026-07-24T11:40:53.733Z" },
    { url = "https://files.pythonhosted.org/packages/ea/a2/760e4dd1e658db44b372365adeb771029a5d24dbf292a20b0a2e3be850ad/fable_library-5.13.0-cp314-cp314t-manylinux_2_17_s390x.manylinux2014_s390x.whl", hash = "sha256:40962f291f58c978d7e4c3fc12d3765a70d421989ff8f7234f9e65f089a8b3be", size = 1499217, upload-time = "2026-07-24T11:40:55.885Z" },
    { url = "https://files.pythonhosted.org/packages/68/e8/d274118300335222b5a88b2ca6253731768458bb604557ca110a8d12bf68/fable_library-5.13.0-cp314-cp314t-manylinux_2_17_x86_64.manylinux2014_x86_64.whl", hash = "sha256:5013e124dafc45da5ea617ca9c46f4c4544cf76b22251565e2e6712ecc5333d5", size = 1436477, upload-time = "2026-07-24T11:40:57.686Z" },
    { url = "https://files.pythonhosted.org/packages/ff/c1/c88614d7e4edce0b3497a827ef6f911e9848b63ec6eecf53b4b2bb80e719/fable_library-5.13.0-cp314-cp314t-manylinux_2_5_i686.manylinux1_i686.whl", hash = "sha256:0c7522f47404e2b0e64f7d47208f603f35e0c5897496951b4d62dcf051dedc37", size = 1460863, upload-time = "2026-07-24T11:40:59.117Z" },
    { url = "https://files.pythonhosted.org/packages/ea/64/cb16af5b93ee2bcae293ae084eab021eeff7a4669b0cbc2d814261f5443a/fable_library-5.13.0-cp314-cp314t-musllinux_1_2_aarch64.whl", hash = "sha256:c2a5e380e80637f2c1ea25ca7ebc5cd165feee8a13b924699e1c995bcc5ee23c", size = 1536395, upload-time = "2026-07-24T11:41:00.948Z" },
    { url = "https://files.pythonhosted.org/packages/54/c6/3d21973c8df547fe6beabb3b3db0c1e75a1f1f1f90bc9b05fedc9dd2faa8/fable_library-5.13.0-cp314-cp314t-musllinux_1_2_armv7l.whl", hash = "sha256:4557aa9920706242c824a0ce7a8c9c2e38baafaacbb4cfb09cb5c562cc14ad1f", size = 1613546, upload-time = "2026-07-24T11:41:02.825Z" },
    { url = "https://files.pythonhosted.org/packages/38/eb/99b564447c261c53c93ac0ed7cd51ce6c8934ecb6ebaddc628931d4fb6c5/fable_library-5.13.0-cp314-cp314t-musllinux_1_2_i686.whl", hash = "sha256:4496f54b1b8a79066d1e7cac6081f113752dafb915cc4386de1744f1ea04d597", size = 1646913, upload-time = "2026-07-24T11:41:04.322Z" },
    { url = "https://files.pythonhosted.org/packages/6f/c2/b465ffe23114317e31f0b4e1fe8e90e0c1514243678dbca0997f307f98ad/fable_library-5.13.0-cp314-cp314t-musllinux_1_2_x86_64.whl", hash = "sha256:c37a40e2dc9f5b3adaec5df57fb552b489bfecd393e8ac46af650bdd978e3adf", size = 1665943, upload-time = "2026-07-24T11:41:05.759Z" },
    { url = "https://files.pythonhosted.org/packages/f3/54/97ab29b2f16637225d71bae41bbe3bc8d2246d7b41002a5f665640e0285b/fable_library-5.13.0-cp315-cp315-manylinux_2_17_x86_64.manylinux2014_x86_64.whl", hash = "sha256:12142c67134840a66dc4a0c78828112ac47c31e97d3517e12d83c52e9da319f8", size = 1426255, upload-time = "2026-07-24T11:41:07.223Z" },
    { url = "https://files.pythonhosted.org/packages/41/5d/3f8c477790193397543dda2bb587e86a76f6c088fba4f60249c0b3701725/fable_library-5.13.0-cp315-cp315-manylinux_2_5_i686.manylinux1_i686.whl", hash = "sha256:62bcd15bd9276615876a605fff4f942d6ce31a3a63addcd4d745550559952359", size = 1456813, upload-time = "2026-07-24T11:41:08.814Z" },
    { url = "https://files.pythonhosted.org/packages/75/32/a76037a00cf513bf2be35e7cec061c4c712f5d9a84e9dd406fae0730caec/fable_library-5.13.0-cp315-cp315t-manylinux_2_17_x86_64.manylinux2014_x86_64.whl", hash = "sha256:34c990dda0f05f1e7b9bd922acc475149a1f7d9376397ad6697772574f2e1d92", size = 1436333, upload-time = "2026-07-24T11:41:10.338Z" },
    { url = "https://files.pythonhosted.org/packages/02/d8/d6190a9473a2f65f52e66b8a0cda979130ac203d20d3740cc7dd938b4770/fable_library-5.13.0-cp315-cp315t-manylinux_2_5_i686.manylinux1_i686.whl", hash = "sha256:f5abae35d4643585717eb28596ef1c15e5603e7eb4a324684ea2af49832c29f3", size = 1461061, upload-time = "2026-07-24T11:41:12.045Z" },
]

[[package]]
name = "polyglot-sssom-build"
version = "0.0.0"
source = { virtual = "." }
dependencies = [
    { name = "fable-library" },
]

[package.metadata]
requires-dist = [{ name = "fable-library", specifier = "==5.13.0" }]
